{
  "name": "miniapp",
  "lockfileVersion": 3,
  "requires": true,
  "packages": {
    "": {
      "dependencies": {
        "@telegram-apps/sdk-react": "^3.3.6"
      }
    },
    "node_modules/@telegram-apps/bridge": {
      "version": "2.10.3",
      "resolved": "https://registry.npmjs.org/@telegram-apps/bridge/-/bridge-2.10.3.tgz",
      "integrity": "sha512-mjbpxynr6g5EOQlpxuKQxDN+UTrtKLWBfJQs8BLQX0dkZVL+r7nQNAVzY2NtJHLUUCA+eUccq+yF7NkesnY46g==",
      "license": "MIT",
      "dependencies": {
        "@telegram-apps/signals": "^1.1.2",
        "@telegram-apps/toolkit": "^2.1.3",
        "@telegram-apps/transformers": "^2.2.6",
        "@telegram-apps/types": "^2.0.3",
        "better-promises": "^0.4.1",
        "error-kid": "^0.0.7",
        "mitt": "^3.0.1",
        "valibot": "1.0.0"
      }
    },
    "node_modules/@telegram-apps/navigation": {
      "version": "1.0.14",
      "resolved": "https://registry.npmjs.org/@telegram-apps/navigation/-/navigation-1.0.14.tgz",
      "integrity": "sha512-bqNgF/J8Po7ZtsELm3E1a6aPr7awwxO3sIqD8J6u12urOlGoW5+1KxKKbkPa58mgXuQdsltd8apI+OVy0IYiUA==",
      "license": "MIT"
    },
    "node_modules/@telegram-apps/sdk": {
      "version": "3.11.4",
      "resolved": "https://registry.npmjs.org/@telegram-apps/sdk/-/sdk-3.11.4.tgz",
      "integrity": "sha512-en2yRVhKJwzKfT4TOAG8fwaZHAqB2CfMCE0AY7mx55+UKlPCDdRN2BVUOxdYabUoxglJUquCUpNWr4TXIeAfng==",
      "license": "MIT",
      "dependencies": {
        "@telegram-apps/bridge": "^2.10.3",
        "@telegram-apps/navigation": "^1.0.14",
        "@telegram-apps/signals": "^1.1.2",
        "@telegram-apps/toolkit": "^2.1.3",
        "@telegram-apps/transformers": "^2.2.6",
        "@telegram-apps/types": "^2.0.3",
        "better-promises": "^0.4.1",
        "error-kid": "^0.0.7",
        "valibot": "1.0.0"
      }
    },
    "node_modules/@telegram-apps/sdk-react": {
      "version": "3.3.6",
      "resolved": "https://registry.npmjs.org/@telegram-apps/sdk-react/-/sdk-react-3.3.6.tgz",
      "integrity": "sha512-v9y2eKoDmud04XNXEELnrE23lWN/Nav+Idfvzo+ilXU+bg8VDIYpECiGwfTUS50nZsJowrtcWOc/TystsZMYKA==",
      "license": "MIT",
      "dependencies": {
        "@telegram-apps/sdk": "^3.11.4"
      },
      "peerDependencies": {
        "@types/react": "^17.0.0 || ^18.0.0 || ^19.0.0",
        "react": "^17.0.0 || ^18.0.0 || ^19.0.0"
      },
      "peerDependenciesMeta": {
        "@types/react": {
          "optional": true
        }
      }
    },
    "node_modules/@telegram-apps/signals": {
      "version": "1.1.2",
      "resolved": "https://registry.npmjs.org/@telegram-apps/signals/-/signals-1.1.2.tgz",
      "integrity": "sha512-1P1kdCLX7MfETGPxH7f3UZKIsdE7Tz5S7QmN4Km1sbYQMakD5Bi1NecSMR7/wnHp50gWMI1JzENcMtCEmouhSg==",
      "license": "MIT"
    },
    "node_modules/@telegram-apps/toolkit": {
      "version": "2.1.3",
      "resolved": "https://registry.npmjs.org/@telegram-apps/toolkit/-/toolkit-2.1.3.tgz",
      "integrity": "sha512-LPUBL7hxQTOr+Dowyk9a1O82nQS4ja4+OYiYWtvqq5nNUHC6Gbbus0zGWCbFcj9CLnIzaeb5HWOg5iSnhoRcyg==",
      "license": "MIT"
    },
    "node_modules/@telegram-apps/transformers": {
      "version": "2.2.6",
      "resolved": "https://registry.npmjs.org/@telegram-apps/transformers/-/transformers-2.2.6.tgz",
      "integrity": "sha512-MMBRs3demeBT9Cd614KKZmak7eEyNdEbfu99a0SwEEJe2oIODjJLrUxrhUcAOc5wvTRfrKka27VXVgruauLhdg==",
      "license": "MIT",
      "dependencies": {
        "@telegram-apps/toolkit": "^2.1.3",
        "@telegram-apps/types": "^2.0.3",
        "valibot": "1.0.0-beta.14"
      }
    },
    "node_modules/@telegram-apps/transformers/node_modules/valibot": {
      "version": "1.0.0-beta.14",
      "resolved": "https://registry.npmjs.org/valibot/-/valibot-1.0.0-beta.14.tgz",
      "integrity": "sha512-tLyV2rE5QL6U29MFy3xt4AqMrn+/HErcp2ZThASnQvPMwfSozjV1uBGKIGiegtZIGjinJqn0SlBdannf18wENA==",
      "license": "MIT",
      "peerDependencies": {
        "typescript": ">=5"
      },
      "peerDependenciesMeta": {
        "typescript": {
          "optional": true
        }
      }
    },
    "node_modules/@telegram-apps/types": {
      "version": "2.0.3",
      "resolved": "https://registry.npmjs.org/@telegram-apps/types/-/types-2.0.3.tgz",
      "integrity": "sha512-pXh9BdnLZF3e2BGc4WL+RTRMAUpqKpaSP3Rs8rB4WyRwIoRSGWFKE4gtT/9m42LGixB8YVwdo/pJ+9XO765XEA==",
      "license": "MIT"
    },
    "node_modules/better-promises": {
      "version": "0.4.1",
      "resolved": "https://registry.npmjs.org/better-promises/-/better-promises-0.4.1.tgz",
      "integrity": "sha512-cDW7eMvhvCoWzSih5o/OxsAgTUfP05yGMq77xNZUTmcZoNU9vEeFZJ+yJJi4lnocvxFrVFKsG0Yxt7ZnuYJEig==",
      "license": "MIT",
      "dependencies": {
        "error-kid": "^0.0.7"
      }
    },
    "node_modules/error-kid": {
      "version": "0.0.7",
      "resolved": "https://registry.npmjs.org/error-kid/-/error-kid-0.0.7.tgz",
      "integrity": "sha512-8mFs7ZaDWlBFgjOy4lHLMCe2+KZfZXGx5GOgh2VQ/M1CCIvSWzbl2OMl+5fdZgrgoUfhTeF+NPhmqfEvUhN8yw==",
      "license": "MIT"
    },
    "node_modules/mitt": {
      "version": "3.0.1",
      "resolved": "https://registry.npmjs.org/mitt/-/mitt-3.0.1.tgz",
      "integrity": "sha512-vKivATfr97l2/QBCYAkXYDbrIWPM2IIKEl7YPhjCvKlG3kE2gm+uBo6nEXK3M5/Ffh/FLpKExzOQ3JJoJGFKBw==",
      "license": "MIT"
    },
    "node_modules/react": {
      "version": "19.1.0",
      "resolved": "https://registry.npmjs.org/react/-/react-19.1.0.tgz",
      "integrity": "sha512-FS+XFBNvn3GTAWq26joslQgWNoFu08F4kl0J4CgdNKADkdSGXQyTCnKteIAJy96Br6YbpEU1LSzV5dYtjMkMDg==",
      "license": "MIT",
      "peer": true,
      "engines": {
        "node": ">=0.10.0"
      }
    },
    "node_modules/valibot": {
      "version": "1.0.0",
      "resolved": "https://registry.npmjs.org/valibot/-/valibot-1.0.0.tgz",
      "integrity": "sha512-1Hc0ihzWxBar6NGeZv7fPLY0QuxFMyxwYR2sF1Blu7Wq7EnremwY2W02tit2ij2VJT8HcSkHAQqmFfl77f73Yw==",
      "license": "MIT",
      "peerDependencies": {
        "typescript": ">=5"
      },
      "peerDependenciesMeta": {
        "typescript": {
          "optional": true
        }
      }
    }
  }
}
